
Microsoft Visual Studio Solution File, Format Version 12.00
# Visual Studio Version 17
VisualStudioVersion = 17.1.32328.378
MinimumVisualStudioVersion = 10.0.40219.1
Project("{9A19103F-16F7-4668-BE54-9A1E7A4F7556}") = "ColorSorting.UI", "ColorSorting\ColorSorting.UI.csproj", "{F18C0958-D767-4BEC-83D1-0AC027726D6E}"
EndProject
Project("{2150E333-8FDC-42A3-9474-1A3956D46DE8}") = "src", "src", "{07DEE319-9D20-4F81-A555-0DD820D7D4D8}"
EndProject
Project("{FAE04EC0-301F-11D3-BF4B-00C04F79EFBC}") = "ColorSorting.Domian", "ColorSorting.Domian\ColorSorting.Domian.csproj", "{2ADC9E72-D180-404A-BB2E-EB347040DCAB}"
EndProject
Project("{FAE04EC0-301F-11D3-BF4B-00C04F79EFBC}") = "ColorSorting.Infrastructure", "ColorSorting.Infrastructure\ColorSorting.Infrastructure.csproj", "{6B8F2B4D-48A6-444C-93AB-2E9C72AA92FF}"
EndProject
Project("{2150E333-8FDC-42A3-9474-1A3956D46DE8}") = "Test", "Test", "{5E4681A0-2E0D-4CF6-9976-DC220124D525}"
EndProject
Project("{FAE04EC0-301F-11D3-BF4B-00C04F79EFBC}") = "ColorSorting.UnitTest", "ColorSorting.UnitTest\ColorSorting.UnitTest.csproj", "{FB63400A-C25F-47D2-8CEB-F7A7215D1009}"
EndProject
Global
	GlobalSection(SolutionConfigurationPlatforms) = preSolution
		Debug|Any CPU = Debug|Any CPU
		Release|Any CPU = Release|Any CPU
	EndGlobalSection
	GlobalSection(ProjectConfigurationPlatforms) = postSolution
		{F18C0958-D767-4BEC-83D1-0AC027726D6E}.Debug|Any CPU.ActiveCfg = Debug|Any CPU
		{F18C0958-D767-4BEC-83D1-0AC027726D6E}.Debug|Any CPU.Build.0 = Debug|Any CPU
		{F18C0958-D767-4BEC-83D1-0AC027726D6E}.Release|Any CPU.ActiveCfg = Release|Any CPU
		{F18C0958-D767-4BEC-83D1-0AC027726D6E}.Release|Any CPU.Build.0 = Release|Any CPU
		{2ADC9E72-D180-404A-BB2E-EB347040DCAB}.Debug|Any CPU.ActiveCfg = Debug|Any CPU
		{2ADC9E72-D180-404A-BB2E-EB347040DCAB}.Debug|Any CPU.Build.0 = Debug|Any CPU
		{2ADC9E72-D180-404A-BB2E-EB347040DCAB}.Release|Any CPU.ActiveCfg = Release|Any CPU
		{2ADC9E72-D180-404A-BB2E-EB347040DCAB}.Release|Any CPU.Build.0 = Release|Any CPU
		{6B8F2B4D-48A6-444C-93AB-2E9C72AA92FF}.Debug|Any CPU.ActiveCfg = Debug|Any CPU
		{6B8F2B4D-48A6-444C-93AB-2E9C72AA92FF}.Debug|Any CPU.Build.0 = Debug|Any CPU
		{6B8F2B4D-48A6-444C-93AB-2E9C72AA92FF}.Release|Any CPU.ActiveCfg = Release|Any CPU
		{6B8F2B4D-48A6-444C-93AB-2E9C72AA92FF}.Release|Any CPU.Build.0 = Release|Any CPU
		{FB63400A-C25F-47D2-8CEB-F7A7215D1009}.Debug|Any CPU.ActiveCfg = Debug|Any CPU
		{FB63400A-C25F-47D2-8CEB-F7A7215D1009}.Debug|Any CPU.Build.0 = Debug|Any CPU
		{FB63400A-C25F-47D2-8CEB-F7A7215D1009}.Release|Any CPU.ActiveCfg = Release|Any CPU
		{FB63400A-C25F-47D2-8CEB-F7A7215D1009}.Release|Any CPU.Build.0 = Release|Any CPU
	EndGlobalSection
	GlobalSection(SolutionProperties) = preSolution
		HideSolutionNode = FALSE
	EndGlobalSection
	GlobalSection(NestedProjects) = preSolution
		{F18C0958-D767-4BEC-83D1-0AC027726D6E} = {07DEE319-9D20-4F81-A555-0DD820D7D4D8}
		{2ADC9E72-D180-404A-BB2E-EB347040DCAB} = {07DEE319-9D20-4F81-A555-0DD820D7D4D8}
		{6B8F2B4D-48A6-444C-93AB-2E9C72AA92FF} = {07DEE319-9D20-4F81-A555-0DD820D7D4D8}
		{FB63400A-C25F-47D2-8CEB-F7A7215D1009} = {5E4681A0-2E0D-4CF6-9976-DC220124D525}
	EndGlobalSection
	GlobalSection(ExtensibilityGlobals) = postSolution
		SolutionGuid = {F04B2375-DF25-4BBE-9DE2-20E7B6D03008}
	EndGlobalSection
EndGlobal
